
Microsoft Visual Studio Solution File, Format Version 12.00
# Visual Studio 14
VisualStudioVersion = 14.0.25420.1
MinimumVisualStudioVersion = 10.0.40219.1
Project("{FAE04EC0-301F-11D3-BF4B-00C04F79EFBC}") = "Sistema1", "Sistema1\Sistema1.csproj", "{373C7914-9BCC-4668-80CD-85BD183753EE}"
EndProject
Project("{FAE04EC0-301F-11D3-BF4B-00C04F79EFBC}") = "Sistema1Teste", "Sistema1Teste\Sistema1Teste.csproj", "{C4DC8A15-F2E3-494A-BCD1-D876A3A12F1F}"
EndProject
Global
	GlobalSection(SolutionConfigurationPlatforms) = preSolution
		Debug|Any CPU = Debug|Any CPU
		Release|Any CPU = Release|Any CPU
	EndGlobalSection
	GlobalSection(ProjectConfigurationPlatforms) = postSolution
		{373C7914-9BCC-4668-80CD-85BD183753EE}.Debug|Any CPU.ActiveCfg = Debug|Any CPU
		{373C7914-9BCC-4668-80CD-85BD183753EE}.Debug|Any CPU.Build.0 = Debug|Any CPU
		{373C7914-9BCC-4668-80CD-85BD183753EE}.Release|Any CPU.ActiveCfg = Release|Any CPU
		{373C7914-9BCC-4668-80CD-85BD183753EE}.Release|Any CPU.Build.0 = Release|Any CPU
		{C4DC8A15-F2E3-494A-BCD1-D876A3A12F1F}.Debug|Any CPU.ActiveCfg = Debug|Any CPU
		{C4DC8A15-F2E3-494A-BCD1-D876A3A12F1F}.Debug|Any CPU.Build.0 = Debug|Any CPU
		{C4DC8A15-F2E3-494A-BCD1-D876A3A12F1F}.Release|Any CPU.ActiveCfg = Release|Any CPU
		{C4DC8A15-F2E3-494A-BCD1-D876A3A12F1F}.Release|Any CPU.Build.0 = Release|Any CPU
	EndGlobalSection
	GlobalSection(SolutionProperties) = preSolution
		HideSolutionNode = FALSE
	EndGlobalSection
EndGlobal
